
Microsoft Visual Studio Solution File, Format Version 12.00
# Visual Studio Version 17
VisualStudioVersion = 17.10.35013.160
MinimumVisualStudioVersion = 10.0.40219.1
Project("{FAE04EC0-301F-11D3-BF4B-00C04F79EFBC}") = "Core", "Core\Core.csproj", "{B60325D5-B34D-4E65-BA6F-428A954CE523}"
EndProject
Project("{FAE04EC0-301F-11D3-BF4B-00C04F79EFBC}") = "ToDoProject.Model", "ToDoProject.Model\ToDoProject.Model.csproj", "{603C4586-6598-4641-9A88-96EE31448282}"
EndProject
Project("{FAE04EC0-301F-11D3-BF4B-00C04F79EFBC}") = "ToDoProject.Repository", "ToDoProject.Repository\ToDoProject.Repository.csproj", "{70F3C84D-966E-494F-A93A-1237330AB53F}"
EndProject
Project("{FAE04EC0-301F-11D3-BF4B-00C04F79EFBC}") = "ToDoProject.Service", "ToDoProject.Service\ToDoProject.Service.csproj", "{CBDD6FFE-F35E-48DB-AEF9-CF3F3E32D3C8}"
EndProject
Project("{FAE04EC0-301F-11D3-BF4B-00C04F79EFBC}") = "ToDoProject.WebApi", "ToDoProject.WebApi\ToDoProject.WebApi.csproj", "{6BD47CFB-B658-407E-833D-EA64BDD1F0AB}"
EndProject
Global
	GlobalSection(SolutionConfigurationPlatforms) = preSolution
		Debug|Any CPU = Debug|Any CPU
		Release|Any CPU = Release|Any CPU
	EndGlobalSection
	GlobalSection(ProjectConfigurationPlatforms) = postSolution
		{B60325D5-B34D-4E65-BA6F-428A954CE523}.Debug|Any CPU.ActiveCfg = Debug|Any CPU
		{B60325D5-B34D-4E65-BA6F-428A954CE523}.Debug|Any CPU.Build.0 = Debug|Any CPU
		{B60325D5-B34D-4E65-BA6F-428A954CE523}.Release|Any CPU.ActiveCfg = Release|Any CPU
		{B60325D5-B34D-4E65-BA6F-428A954CE523}.Release|Any CPU.Build.0 = Release|Any CPU
		{603C4586-6598-4641-9A88-96EE31448282}.Debug|Any CPU.ActiveCfg = Debug|Any CPU
		{603C4586-6598-4641-9A88-96EE31448282}.Debug|Any CPU.Build.0 = Debug|Any CPU
		{603C4586-6598-4641-9A88-96EE31448282}.Release|Any CPU.ActiveCfg = Release|Any CPU
		{603C4586-6598-4641-9A88-96EE31448282}.Release|Any CPU.Build.0 = Release|Any CPU
		{70F3C84D-966E-494F-A93A-1237330AB53F}.Debug|Any CPU.ActiveCfg = Debug|Any CPU
		{70F3C84D-966E-494F-A93A-1237330AB53F}.Debug|Any CPU.Build.0 = Debug|Any CPU
		{70F3C84D-966E-494F-A93A-1237330AB53F}.Release|Any CPU.ActiveCfg = Release|Any CPU
		{70F3C84D-966E-494F-A93A-1237330AB53F}.Release|Any CPU.Build.0 = Release|Any CPU
		{CBDD6FFE-F35E-48DB-AEF9-CF3F3E32D3C8}.Debug|Any CPU.ActiveCfg = Debug|Any CPU
		{CBDD6FFE-F35E-48DB-AEF9-CF3F3E32D3C8}.Debug|Any CPU.Build.0 = Debug|Any CPU
		{CBDD6FFE-F35E-48DB-AEF9-CF3F3E32D3C8}.Release|Any CPU.ActiveCfg = Release|Any CPU
		{CBDD6FFE-F35E-48DB-AEF9-CF3F3E32D3C8}.Release|Any CPU.Build.0 = Release|Any CPU
		{6BD47CFB-B658-407E-833D-EA64BDD1F0AB}.Debug|Any CPU.ActiveCfg = Debug|Any CPU
		{6BD47CFB-B658-407E-833D-EA64BDD1F0AB}.Debug|Any CPU.Build.0 = Debug|Any CPU
		{6BD47CFB-B658-407E-833D-EA64BDD1F0AB}.Release|Any CPU.ActiveCfg = Release|Any CPU
		{6BD47CFB-B658-407E-833D-EA64BDD1F0AB}.Release|Any CPU.Build.0 = Release|Any CPU
	EndGlobalSection
	GlobalSection(SolutionProperties) = preSolution
		HideSolutionNode = FALSE
	EndGlobalSection
	GlobalSection(ExtensibilityGlobals) = postSolution
		SolutionGuid = {56BCB703-778E-4181-BA54-13C71BB4578B}
	EndGlobalSection
EndGlobal
